
Microsoft Visual Studio Solution File, Format Version 12.00
# Visual Studio Version 17
VisualStudioVersion = 17.5.2.0
MinimumVisualStudioVersion = 10.0.40219.1
Project("{FAE04EC0-301F-11D3-BF4B-00C04F79EFBC}") = "ServiceDesk.Api", "ServiceDesk.Api\ServiceDesk.Api.csproj", "{C0683878-1B40-4180-880C-4F6A7974DFCF}"
EndProject
Project("{FAE04EC0-301F-11D3-BF4B-00C04F79EFBC}") = "ServiceDesk.Domain", "ServiceDesk.Domain\ServiceDesk.Domain.csproj", "{9F01259D-05EC-429D-9327-1FF6C2680CF2}"
EndProject
Project("{FAE04EC0-301F-11D3-BF4B-00C04F79EFBC}") = "ServiceDesk.Infrastructure", "ServiceDesk.Infrastructure\ServiceDesk.Infrastructure.csproj", "{8533F616-007A-46EB-8AF3-885D8B4EA5A5}"
EndProject
Project("{FAE04EC0-301F-11D3-BF4B-00C04F79EFBC}") = "ServiceDesk.Tests", "ServiceDesk.Tests\ServiceDesk.Tests.csproj", "{7CE51E57-971E-4698-9555-1FC994767246}"
EndProject
Project("{FAE04EC0-301F-11D3-BF4B-00C04F79EFBC}") = "ServiceDesk.Application", "ServiceDesk.Application\ServiceDesk.Application.csproj", "{28B47EC0-8238-41F2-B90D-CA38B4994300}"
EndProject
Global
	GlobalSection(SolutionConfigurationPlatforms) = preSolution
		Debug|Any CPU = Debug|Any CPU
		Debug|x64 = Debug|x64
		Debug|x86 = Debug|x86
		Release|Any CPU = Release|Any CPU
		Release|x64 = Release|x64
		Release|x86 = Release|x86
	EndGlobalSection
	GlobalSection(ProjectConfigurationPlatforms) = postSolution
		{C0683878-1B40-4180-880C-4F6A7974DFCF}.Debug|Any CPU.ActiveCfg = Debug|Any CPU
		{C0683878-1B40-4180-880C-4F6A7974DFCF}.Debug|Any CPU.Build.0 = Debug|Any CPU
		{C0683878-1B40-4180-880C-4F6A7974DFCF}.Debug|x64.ActiveCfg = Debug|Any CPU
		{C0683878-1B40-4180-880C-4F6A7974DFCF}.Debug|x64.Build.0 = Debug|Any CPU
		{C0683878-1B40-4180-880C-4F6A7974DFCF}.Debug|x86.ActiveCfg = Debug|Any CPU
		{C0683878-1B40-4180-880C-4F6A7974DFCF}.Debug|x86.Build.0 = Debug|Any CPU
		{C0683878-1B40-4180-880C-4F6A7974DFCF}.Release|Any CPU.ActiveCfg = Release|Any CPU
		{C0683878-1B40-4180-880C-4F6A7974DFCF}.Release|Any CPU.Build.0 = Release|Any CPU
		{C0683878-1B40-4180-880C-4F6A7974DFCF}.Release|x64.ActiveCfg = Release|Any CPU
		{C0683878-1B40-4180-880C-4F6A7974DFCF}.Release|x64.Build.0 = Release|Any CPU
		{C0683878-1B40-4180-880C-4F6A7974DFCF}.Release|x86.ActiveCfg = Release|Any CPU
		{C0683878-1B40-4180-880C-4F6A7974DFCF}.Release|x86.Build.0 = Release|Any CPU
		{9F01259D-05EC-429D-9327-1FF6C2680CF2}.Debug|Any CPU.ActiveCfg = Debug|Any CPU
		{9F01259D-05EC-429D-9327-1FF6C2680CF2}.Debug|Any CPU.Build.0 = Debug|Any CPU
		{9F01259D-05EC-429D-9327-1FF6C2680CF2}.Debug|x64.ActiveCfg = Debug|Any CPU
		{9F01259D-05EC-429D-9327-1FF6C2680CF2}.Debug|x64.Build.0 = Debug|Any CPU
		{9F01259D-05EC-429D-9327-1FF6C2680CF2}.Debug|x86.ActiveCfg = Debug|Any CPU
		{9F01259D-05EC-429D-9327-1FF6C2680CF2}.Debug|x86.Build.0 = Debug|Any CPU
		{9F01259D-05EC-429D-9327-1FF6C2680CF2}.Release|Any CPU.ActiveCfg = Release|Any CPU
		{9F01259D-05EC-429D-9327-1FF6C2680CF2}.Release|Any CPU.Build.0 = Release|Any CPU
		{9F01259D-05EC-429D-9327-1FF6C2680CF2}.Release|x64.ActiveCfg = Release|Any CPU
		{9F01259D-05EC-429D-9327-1FF6C2680CF2}.Release|x64.Build.0 = Release|Any CPU
		{9F01259D-05EC-429D-9327-1FF6C2680CF2}.Release|x86.ActiveCfg = Release|Any CPU
		{9F01259D-05EC-429D-9327-1FF6C2680CF2}.Release|x86.Build.0 = Release|Any CPU
		{8533F616-007A-46EB-8AF3-885D8B4EA5A5}.Debug|Any CPU.ActiveCfg = Debug|Any CPU
		{8533F616-007A-46EB-8AF3-885D8B4EA5A5}.Debug|Any CPU.Build.0 = Debug|Any CPU
		{8533F616-007A-46EB-8AF3-885D8B4EA5A5}.Debug|x64.ActiveCfg = Debug|Any CPU
		{8533F616-007A-46EB-8AF3-885D8B4EA5A5}.Debug|x64.Build.0 = Debug|Any CPU
		{8533F616-007A-46EB-8AF3-885D8B4EA5A5}.Debug|x86.ActiveCfg = Debug|Any CPU
		{8533F616-007A-46EB-8AF3-885D8B4EA5A5}.Debug|x86.Build.0 = Debug|Any CPU
		{8533F616-007A-46EB-8AF3-885D8B4EA5A5}.Release|Any CPU.ActiveCfg = Release|Any CPU
		{8533F616-007A-46EB-8AF3-885D8B4EA5A5}.Release|Any CPU.Build.0 = Release|Any CPU
		{8533F616-007A-46EB-8AF3-885D8B4EA5A5}.Release|x64.ActiveCfg = Release|Any CPU
		{8533F616-007A-46EB-8AF3-885D8B4EA5A5}.Release|x64.Build.0 = Release|Any CPU
		{8533F616-007A-46EB-8AF3-885D8B4EA5A5}.Release|x86.ActiveCfg = Release|Any CPU
		{8533F616-007A-46EB-8AF3-885D8B4EA5A5}.Release|x86.Build.0 = Release|Any CPU
		{7CE51E57-971E-4698-9555-1FC994767246}.Debug|Any CPU.ActiveCfg = Debug|Any CPU
		{7CE51E57-971E-4698-9555-1FC994767246}.Debug|Any CPU.Build.0 = Debug|Any CPU
		{7CE51E57-971E-4698-9555-1FC994767246}.Debug|x64.ActiveCfg = Debug|Any CPU
		{7CE51E57-971E-4698-9555-1FC994767246}.Debug|x64.Build.0 = Debug|Any CPU
		{7CE51E57-971E-4698-9555-1FC994767246}.Debug|x86.ActiveCfg = Debug|Any CPU
		{7CE51E57-971E-4698-9555-1FC994767246}.Debug|x86.Build.0 = Debug|Any CPU
		{7CE51E57-971E-4698-9555-1FC994767246}.Release|Any CPU.ActiveCfg = Release|Any CPU
		{7CE51E57-971E-4698-9555-1FC994767246}.Release|Any CPU.Build.0 = Release|Any CPU
		{7CE51E57-971E-4698-9555-1FC994767246}.Release|x64.ActiveCfg = Release|Any CPU
		{7CE51E57-971E-4698-9555-1FC994767246}.Release|x64.Build.0 = Release|Any CPU
		{7CE51E57-971E-4698-9555-1FC994767246}.Release|x86.ActiveCfg = Release|Any CPU
		{7CE51E57-971E-4698-9555-1FC994767246}.Release|x86.Build.0 = Release|Any CPU
		{28B47EC0-8238-41F2-B90D-CA38B4994300}.Debug|Any CPU.ActiveCfg = Debug|Any CPU
		{28B47EC0-8238-41F2-B90D-CA38B4994300}.Debug|Any CPU.Build.0 = Debug|Any CPU
		{28B47EC0-8238-41F2-B90D-CA38B4994300}.Debug|x64.ActiveCfg = Debug|Any CPU
		{28B47EC0-8238-41F2-B90D-CA38B4994300}.Debug|x64.Build.0 = Debug|Any CPU
		{28B47EC0-8238-41F2-B90D-CA38B4994300}.Debug|x86.ActiveCfg = Debug|Any CPU
		{28B47EC0-8238-41F2-B90D-CA38B4994300}.Debug|x86.Build.0 = Debug|Any CPU
		{28B47EC0-8238-41F2-B90D-CA38B4994300}.Release|Any CPU.ActiveCfg = Release|Any CPU
		{28B47EC0-8238-41F2-B90D-CA38B4994300}.Release|Any CPU.Build.0 = Release|Any CPU
		{28B47EC0-8238-41F2-B90D-CA38B4994300}.Release|x64.ActiveCfg = Release|Any CPU
		{28B47EC0-8238-41F2-B90D-CA38B4994300}.Release|x64.Build.0 = Release|Any CPU
		{28B47EC0-8238-41F2-B90D-CA38B4994300}.Release|x86.ActiveCfg = Release|Any CPU
		{28B47EC0-8238-41F2-B90D-CA38B4994300}.Release|x86.Build.0 = Release|Any CPU
	EndGlobalSection
	GlobalSection(SolutionProperties) = preSolution
		HideSolutionNode = FALSE
	EndGlobalSection
	GlobalSection(ExtensibilityGlobals) = postSolution
		SolutionGuid = {DC706133-A1D1-4A5F-9A78-50CC247D0F10}
	EndGlobalSection
EndGlobal
